
Microsoft Visual Studio Solution File, Format Version 12.00
# Visual Studio Version 17
Project("{8BC9CEB8-8B4A-11D0-8D11-00A0C91BC942}") = "ALL_BUILD", "ALL_BUILD.vcxproj", "{79705CB5-CD49-3D38-80E8-CE3D6B8BA201}"
	ProjectSection(ProjectDependencies) = postProject
		{4204B484-BA94-39B0-AB13-B2472FA8C74A} = {4204B484-BA94-39B0-AB13-B2472FA8C74A}
		{ABBB6478-6473-32B9-B2EE-578151B7D07D} = {ABBB6478-6473-32B9-B2EE-578151B7D07D}
	EndProjectSection
EndProject
Project("{8BC9CEB8-8B4A-11D0-8D11-00A0C91BC942}") = "MedicalDemo3", "MedicalDemo3.vcxproj", "{4204B484-BA94-39B0-AB13-B2472FA8C74A}"
	ProjectSection(ProjectDependencies) = postProject
		{ABBB6478-6473-32B9-B2EE-578151B7D07D} = {ABBB6478-6473-32B9-B2EE-578151B7D07D}
	EndProjectSection
EndProject
Project("{8BC9CEB8-8B4A-11D0-8D11-00A0C91BC942}") = "ZERO_CHECK", "ZERO_CHECK.vcxproj", "{ABBB6478-6473-32B9-B2EE-578151B7D07D}"
	ProjectSection(ProjectDependencies) = postProject
	EndProjectSection
EndProject
Global
	GlobalSection(SolutionConfigurationPlatforms) = preSolution
		Debug|x64 = Debug|x64
		Release|x64 = Release|x64
		MinSizeRel|x64 = MinSizeRel|x64
		RelWithDebInfo|x64 = RelWithDebInfo|x64
	EndGlobalSection
	GlobalSection(ProjectConfigurationPlatforms) = postSolution
		{79705CB5-CD49-3D38-80E8-CE3D6B8BA201}.Debug|x64.ActiveCfg = Debug|x64
		{79705CB5-CD49-3D38-80E8-CE3D6B8BA201}.Release|x64.ActiveCfg = Release|x64
		{79705CB5-CD49-3D38-80E8-CE3D6B8BA201}.MinSizeRel|x64.ActiveCfg = MinSizeRel|x64
		{79705CB5-CD49-3D38-80E8-CE3D6B8BA201}.RelWithDebInfo|x64.ActiveCfg = RelWithDebInfo|x64
		{4204B484-BA94-39B0-AB13-B2472FA8C74A}.Debug|x64.ActiveCfg = Debug|x64
		{4204B484-BA94-39B0-AB13-B2472FA8C74A}.Debug|x64.Build.0 = Debug|x64
		{4204B484-BA94-39B0-AB13-B2472FA8C74A}.Release|x64.ActiveCfg = Release|x64
		{4204B484-BA94-39B0-AB13-B2472FA8C74A}.Release|x64.Build.0 = Release|x64
		{4204B484-BA94-39B0-AB13-B2472FA8C74A}.MinSizeRel|x64.ActiveCfg = MinSizeRel|x64
		{4204B484-BA94-39B0-AB13-B2472FA8C74A}.MinSizeRel|x64.Build.0 = MinSizeRel|x64
		{4204B484-BA94-39B0-AB13-B2472FA8C74A}.RelWithDebInfo|x64.ActiveCfg = RelWithDebInfo|x64
		{4204B484-BA94-39B0-AB13-B2472FA8C74A}.RelWithDebInfo|x64.Build.0 = RelWithDebInfo|x64
		{ABBB6478-6473-32B9-B2EE-578151B7D07D}.Debug|x64.ActiveCfg = Debug|x64
		{ABBB6478-6473-32B9-B2EE-578151B7D07D}.Debug|x64.Build.0 = Debug|x64
		{ABBB6478-6473-32B9-B2EE-578151B7D07D}.Release|x64.ActiveCfg = Release|x64
		{ABBB6478-6473-32B9-B2EE-578151B7D07D}.Release|x64.Build.0 = Release|x64
		{ABBB6478-6473-32B9-B2EE-578151B7D07D}.MinSizeRel|x64.ActiveCfg = MinSizeRel|x64
		{ABBB6478-6473-32B9-B2EE-578151B7D07D}.MinSizeRel|x64.Build.0 = MinSizeRel|x64
		{ABBB6478-6473-32B9-B2EE-578151B7D07D}.RelWithDebInfo|x64.ActiveCfg = RelWithDebInfo|x64
		{ABBB6478-6473-32B9-B2EE-578151B7D07D}.RelWithDebInfo|x64.Build.0 = RelWithDebInfo|x64
	EndGlobalSection
	GlobalSection(ExtensibilityGlobals) = postSolution
		SolutionGuid = {C1FEF75B-FD3E-31BC-A863-521E47BF397B}
	EndGlobalSection
	GlobalSection(ExtensibilityAddIns) = postSolution
	EndGlobalSection
EndGlobal
